<?xml version="1.0" encoding="utf-8"?>
<Project ToolsVersion="4.0" xmlns="http://schemas.microsoft.com/developer/msbuild/2003">
  <ItemGroup>
    <ClCompile Include="main.cpp" />
    <ClCompile Include="test_io_stream.cc">
      <Filter>TestLibrary</Filter>
    </ClCompile>
    <ClCompile Include="test_set_operator.cc">
      <Filter>TestLibrary</Filter>
    </ClCompile>
    <ClCompile Include="test_stl_algorithm.cc">
      <Filter>TestLibrary</Filter>
    </ClCompile>
    <ClCompile Include="base.cpp">
      <Filter>Base</Filter>
    </ClCompile>
    <ClCompile Include="test_regex.cc">
      <Filter>TestLibrary</Filter>
    </ClCompile>
    <ClCompile Include="test_performance.cc">
      <Filter>TestPerformance</Filter>
    </ClCompile>
    <ClCompile Include="test_chrono.cc">
      <Filter>TestLibrary</Filter>
    </ClCompile>
    <ClCompile Include="coordinate.cpp">
      <Filter>Base</Filter>
    </ClCompile>
    <ClCompile Include="test_container.cpp">
      <Filter>TestLibrary</Filter>
    </ClCompile>
    <ClCompile Include="test_question.cc">
      <Filter>TestQuestion</Filter>
    </ClCompile>
    <ClCompile Include="test_math.cpp">
      <Filter>TestLibrary</Filter>
    </ClCompile>
    <ClCompile Include="data_type.cpp">
      <Filter>Base</Filter>
    </ClCompile>
    <ClCompile Include="test_iterator.cpp">
      <Filter>TestLibrary</Filter>
    </ClCompile>
    <ClCompile Include="test_array.cc">
      <Filter>TestBase</Filter>
    </ClCompile>
    <ClCompile Include="test_object.cc">
      <Filter>TestObject</Filter>
    </ClCompile>
    <ClCompile Include="test_cpp17.cpp">
      <Filter>TestLibrary</Filter>
    </ClCompile>
    <ClCompile Include="test_hash.cpp">
      <Filter>TestTool</Filter>
    </ClCompile>
    <ClCompile Include="test_ltcd.cc">
      <Filter>TestQuestion</Filter>
    </ClCompile>
    <ClCompile Include="test_abseil.cc">
      <Filter>TestAbseil</Filter>
    </ClCompile>
    <ClCompile Include="test_ckt.cc">
      <Filter>TestObject</Filter>
    </ClCompile>
    <ClCompile Include="test_basic.cpp">
      <Filter>TestBasic</Filter>
    </ClCompile>
    <ClCompile Include="test_msg_queue.cc">
      <Filter>TestMsgQueue</Filter>
    </ClCompile>
    <ClCompile Include="test_thread_pool.cc">
      <Filter>TestMsgQueue</Filter>
    </ClCompile>
    <ClCompile Include="test_honer.cc">
      <Filter>TestQuestion</Filter>
    </ClCompile>
    <ClCompile Include="test_stl.cc">
      <Filter>TestStl</Filter>
    </ClCompile>
    <ClCompile Include="test_senior.cpp">
      <Filter>TestSenior</Filter>
    </ClCompile>
    <ClCompile Include="test_geometry.cpp">
      <Filter>TestGeometry</Filter>
    </ClCompile>
    <ClCompile Include="test_algorithm.cpp">
      <Filter>TestStl</Filter>
    </ClCompile>
    <ClCompile Include="test_memory_pool.cc">
      <Filter>TestBase</Filter>
    </ClCompile>
    <ClCompile Include="memory_pool.cc">
      <Filter>TestBase</Filter>
    </ClCompile>
    <ClCompile Include="MessageQueue.cc">
      <Filter>TestQuestion\Message</Filter>
    </ClCompile>
    <ClCompile Include="test_messagequeue.cpp">
      <Filter>TestQuestion\Message</Filter>
    </ClCompile>
    <ClCompile Include="mas_component.cc">
      <Filter>TestBasic</Filter>
    </ClCompile>
    <ClCompile Include="test_thread.cpp">
      <Filter>TestThread</Filter>
    </ClCompile>
    <ClCompile Include="test_cereal.cc">
      <Filter>TestCereal</Filter>
    </ClCompile>
  </ItemGroup>
  <ItemGroup>
    <ClInclude Include="test_io_stream.h">
      <Filter>TestLibrary\Include</Filter>
    </ClInclude>
    <ClInclude Include="test_set_operator.h">
      <Filter>TestLibrary\Include</Filter>
    </ClInclude>
    <ClInclude Include="test_stl_algorithm.h">
      <Filter>TestLibrary\Include</Filter>
    </ClInclude>
    <ClInclude Include="base.h">
      <Filter>Base\Include</Filter>
    </ClInclude>
    <ClInclude Include="test_regex.h">
      <Filter>TestLibrary\Include</Filter>
    </ClInclude>
    <ClInclude Include="test_performance.h">
      <Filter>TestPerformance\Include</Filter>
    </ClInclude>
    <ClInclude Include="test_chrono.h">
      <Filter>TestLibrary\Include</Filter>
    </ClInclude>
    <ClInclude Include="coordinate.h">
      <Filter>Base\Include</Filter>
    </ClInclude>
    <ClInclude Include="test_container.h">
      <Filter>TestLibrary\Include</Filter>
    </ClInclude>
    <ClInclude Include="test_question.h">
      <Filter>TestQuestion\Include</Filter>
    </ClInclude>
    <ClInclude Include="test_case_question.h">
      <Filter>TestCase</Filter>
    </ClInclude>
    <ClInclude Include="test_math.h">
      <Filter>TestLibrary\Include</Filter>
    </ClInclude>
    <ClInclude Include="data_type.h">
      <Filter>Base\Include</Filter>
    </ClInclude>
    <ClInclude Include="test_iterator.h">
      <Filter>TestLibrary\Include</Filter>
    </ClInclude>
    <ClInclude Include="test_cpp17.h">
      <Filter>TestLibrary\Include</Filter>
    </ClInclude>
    <ClInclude Include="lib_head.h">
      <Filter>Base\Include</Filter>
    </ClInclude>
    <ClInclude Include="test_hash.h">
      <Filter>TestTool</Filter>
    </ClInclude>
    <ClInclude Include="test_ltcd.h">
      <Filter>TestQuestion\Include</Filter>
    </ClInclude>
    <ClInclude Include="test_abseil.h">
      <Filter>TestAbseil\Include</Filter>
    </ClInclude>
    <ClInclude Include="test_ckt.h">
      <Filter>TestObject\Include</Filter>
    </ClInclude>
    <ClInclude Include="test_object.h">
      <Filter>TestObject\Include</Filter>
    </ClInclude>
    <ClInclude Include="test_basic.h">
      <Filter>TestBasic</Filter>
    </ClInclude>
    <ClInclude Include="test_msg_queue.h">
      <Filter>TestMsgQueue\Include</Filter>
    </ClInclude>
    <ClInclude Include="test_thread_pool.h">
      <Filter>TestMsgQueue\Include</Filter>
    </ClInclude>
    <ClInclude Include="test_honer.h">
      <Filter>TestQuestion\Include</Filter>
    </ClInclude>
    <ClInclude Include="test_stl.h">
      <Filter>TestStl</Filter>
    </ClInclude>
    <ClInclude Include="test_senior.h">
      <Filter>TestSenior</Filter>
    </ClInclude>
    <ClInclude Include="test_geometry.h">
      <Filter>TestGeometry</Filter>
    </ClInclude>
    <ClInclude Include="test_algorithm.h">
      <Filter>TestStl</Filter>
    </ClInclude>
    <ClInclude Include="test_array.h">
      <Filter>TestBase\include</Filter>
    </ClInclude>
    <ClInclude Include="test_memory_pool.h">
      <Filter>TestBase\include</Filter>
    </ClInclude>
    <ClInclude Include="memory_pool.h">
      <Filter>TestBase\include</Filter>
    </ClInclude>
    <ClInclude Include="MessageQueue.h">
      <Filter>TestQuestion\Message</Filter>
    </ClInclude>
    <ClInclude Include="test_messagequeue.h">
      <Filter>TestQuestion\Message</Filter>
    </ClInclude>
    <ClInclude Include="mas_component.h">
      <Filter>TestBasic</Filter>
    </ClInclude>
    <ClInclude Include="resource.h" />
    <ClInclude Include="test_thread.h">
      <Filter>TestThread</Filter>
    </ClInclude>
    <ClInclude Include="test_cereal.h">
      <Filter>TestCereal</Filter>
    </ClInclude>
  </ItemGroup>
  <ItemGroup>
    <Filter Include="TestLibrary">
      <UniqueIdentifier>{02adc157-2490-4765-ae88-1544da7dbe32}</UniqueIdentifier>
    </Filter>
    <Filter Include="TestLibrary\Include">
      <UniqueIdentifier>{a88f9a9b-a9a8-4dea-995b-145af2fb45d8}</UniqueIdentifier>
    </Filter>
    <Filter Include="Base">
      <UniqueIdentifier>{f173d284-1cfa-4fe2-b060-3920985e7aa5}</UniqueIdentifier>
    </Filter>
    <Filter Include="Base\Include">
      <UniqueIdentifier>{fc2b33cf-a6f8-4947-9fbf-c96888a8f9f4}</UniqueIdentifier>
    </Filter>
    <Filter Include="TestPerformance">
      <UniqueIdentifier>{4f75f7f8-0a77-48e0-a344-2f3c049e9f11}</UniqueIdentifier>
    </Filter>
    <Filter Include="TestPerformance\Include">
      <UniqueIdentifier>{c32b61b8-2915-4b50-88e1-926feefbc0eb}</UniqueIdentifier>
    </Filter>
    <Filter Include="TestQuestion">
      <UniqueIdentifier>{47c2ea6c-d752-48f6-b7f4-649a058eeea3}</UniqueIdentifier>
    </Filter>
    <Filter Include="TestQuestion\Include">
      <UniqueIdentifier>{345c4842-c049-4bab-8d4f-dc7e93a874b3}</UniqueIdentifier>
    </Filter>
    <Filter Include="TestCase">
      <UniqueIdentifier>{2e617409-1537-475a-9fa5-fe64d2db375c}</UniqueIdentifier>
    </Filter>
    <Filter Include="TestBase">
      <UniqueIdentifier>{9d0babd2-bf56-4e43-83a8-aae6d51368be}</UniqueIdentifier>
    </Filter>
    <Filter Include="TestObject">
      <UniqueIdentifier>{e34dcd62-114a-46a9-a156-316215af047e}</UniqueIdentifier>
    </Filter>
    <Filter Include="TestTool">
      <UniqueIdentifier>{2ee7a049-999e-4d9c-8d8a-8617396059ac}</UniqueIdentifier>
    </Filter>
    <Filter Include="TestAbseil">
      <UniqueIdentifier>{a05b81c2-0567-4236-b64b-016c49ce5d53}</UniqueIdentifier>
    </Filter>
    <Filter Include="TestAbseil\Include">
      <UniqueIdentifier>{8b027647-b8bd-4071-8278-857ccaf025b8}</UniqueIdentifier>
    </Filter>
    <Filter Include="TestObject\Include">
      <UniqueIdentifier>{3045cd0b-6a27-4584-b7e8-e37384615254}</UniqueIdentifier>
    </Filter>
    <Filter Include="TestBasic">
      <UniqueIdentifier>{76d082f7-c0f1-434b-891c-31991a37d379}</UniqueIdentifier>
    </Filter>
    <Filter Include="TestMsgQueue">
      <UniqueIdentifier>{17c170d7-fb5d-426d-8cc4-c9500531aff2}</UniqueIdentifier>
    </Filter>
    <Filter Include="TestMsgQueue\Include">
      <UniqueIdentifier>{4d6e44b2-b243-4904-8eab-beac3ddd54a6}</UniqueIdentifier>
    </Filter>
    <Filter Include="TestStl">
      <UniqueIdentifier>{1107a061-e331-4dad-9036-2cfd7e3ce53c}</UniqueIdentifier>
    </Filter>
    <Filter Include="TestGeometry">
      <UniqueIdentifier>{9b6a99e4-ce8e-48fe-b5d8-873bbac725f4}</UniqueIdentifier>
    </Filter>
    <Filter Include="TestSenior">
      <UniqueIdentifier>{c0b2c41d-0d40-47d1-a2b7-357e20b3ec81}</UniqueIdentifier>
    </Filter>
    <Filter Include="TestBase\include">
      <UniqueIdentifier>{c952f16c-477f-4e8a-9085-c0d6fcede872}</UniqueIdentifier>
    </Filter>
    <Filter Include="TestQuestion\Readme">
      <UniqueIdentifier>{eee745c7-6593-40be-a853-ee85e28d24e3}</UniqueIdentifier>
    </Filter>
    <Filter Include="TestQuestion\Message">
      <UniqueIdentifier>{21b83d13-490a-42f0-a78d-422e1ed79918}</UniqueIdentifier>
    </Filter>
    <Filter Include="TestThread">
      <UniqueIdentifier>{3a038473-4a43-43aa-abb0-a63176c5a7e3}</UniqueIdentifier>
    </Filter>
    <Filter Include="TestCereal">
      <UniqueIdentifier>{f7364afa-99f0-44b3-9181-b4c434c86c5e}</UniqueIdentifier>
    </Filter>
  </ItemGroup>
  <ItemGroup>
    <None Include="readme\heap.md">
      <Filter>TestQuestion\Readme</Filter>
    </None>
  </ItemGroup>
  <ItemGroup>
    <Text Include="readme_thread.txt">
      <Filter>TestThread</Filter>
    </Text>
  </ItemGroup>
</Project>