
Microsoft Visual Studio Solution File, Format Version 12.00
# Visual Studio Version 16
VisualStudioVersion = 16.0.33529.622
MinimumVisualStudioVersion = 10.0.40219.1
Project("{8BC9CEB8-8B4A-11D0-8D11-00A0C91BC942}") = "test_gds", "test_gds\test_gds.vcxproj", "{64A3D13A-D30E-4226-A9DC-C069B0535B0F}"
EndProject
Project("{8BC9CEB8-8B4A-11D0-8D11-00A0C91BC942}") = "stardard_library", "cpp_library\cpp_library.vcxproj", "{7C7FBD0B-D426-4A14-8338-ABC95E3532C9}"
EndProject
Project("{8BC9CEB8-8B4A-11D0-8D11-00A0C91BC942}") = "boost_library", "boost_library\boost_library.vcxproj", "{ADC584FB-8DB1-4D43-887C-B1A661A77AA0}"
EndProject
Global
	GlobalSection(SolutionConfigurationPlatforms) = preSolution
		Debug|x64 = Debug|x64
		Debug|x86 = Debug|x86
		Release|x64 = Release|x64
		Release|x86 = Release|x86
	EndGlobalSection
	GlobalSection(ProjectConfigurationPlatforms) = postSolution
		{64A3D13A-D30E-4226-A9DC-C069B0535B0F}.Debug|x64.ActiveCfg = Debug|x64
		{64A3D13A-D30E-4226-A9DC-C069B0535B0F}.Debug|x64.Build.0 = Debug|x64
		{64A3D13A-D30E-4226-A9DC-C069B0535B0F}.Debug|x86.ActiveCfg = Debug|Win32
		{64A3D13A-D30E-4226-A9DC-C069B0535B0F}.Debug|x86.Build.0 = Debug|Win32
		{64A3D13A-D30E-4226-A9DC-C069B0535B0F}.Release|x64.ActiveCfg = Release|x64
		{64A3D13A-D30E-4226-A9DC-C069B0535B0F}.Release|x64.Build.0 = Release|x64
		{64A3D13A-D30E-4226-A9DC-C069B0535B0F}.Release|x86.ActiveCfg = Release|Win32
		{64A3D13A-D30E-4226-A9DC-C069B0535B0F}.Release|x86.Build.0 = Release|Win32
		{7C7FBD0B-D426-4A14-8338-ABC95E3532C9}.Debug|x64.ActiveCfg = Debug|x64
		{7C7FBD0B-D426-4A14-8338-ABC95E3532C9}.Debug|x64.Build.0 = Debug|x64
		{7C7FBD0B-D426-4A14-8338-ABC95E3532C9}.Debug|x86.ActiveCfg = Debug|Win32
		{7C7FBD0B-D426-4A14-8338-ABC95E3532C9}.Debug|x86.Build.0 = Debug|Win32
		{7C7FBD0B-D426-4A14-8338-ABC95E3532C9}.Release|x64.ActiveCfg = Release|x64
		{7C7FBD0B-D426-4A14-8338-ABC95E3532C9}.Release|x64.Build.0 = Release|x64
		{7C7FBD0B-D426-4A14-8338-ABC95E3532C9}.Release|x86.ActiveCfg = Release|Win32
		{7C7FBD0B-D426-4A14-8338-ABC95E3532C9}.Release|x86.Build.0 = Release|Win32
		{ADC584FB-8DB1-4D43-887C-B1A661A77AA0}.Debug|x64.ActiveCfg = Debug|x64
		{ADC584FB-8DB1-4D43-887C-B1A661A77AA0}.Debug|x64.Build.0 = Debug|x64
		{ADC584FB-8DB1-4D43-887C-B1A661A77AA0}.Debug|x86.ActiveCfg = Debug|Win32
		{ADC584FB-8DB1-4D43-887C-B1A661A77AA0}.Debug|x86.Build.0 = Debug|Win32
		{ADC584FB-8DB1-4D43-887C-B1A661A77AA0}.Release|x64.ActiveCfg = Release|x64
		{ADC584FB-8DB1-4D43-887C-B1A661A77AA0}.Release|x64.Build.0 = Release|x64
		{ADC584FB-8DB1-4D43-887C-B1A661A77AA0}.Release|x86.ActiveCfg = Release|Win32
		{ADC584FB-8DB1-4D43-887C-B1A661A77AA0}.Release|x86.Build.0 = Release|Win32
	EndGlobalSection
	GlobalSection(SolutionProperties) = preSolution
		HideSolutionNode = FALSE
	EndGlobalSection
	GlobalSection(ExtensibilityGlobals) = postSolution
		SolutionGuid = {D2D8FFB3-A8B0-4F75-964F-0E0A1C453180}
	EndGlobalSection
EndGlobal
